{
  "nodes": {
    "areofyl-fetch": {
      "inputs": {
        "nixpkgs": "nixpkgs"
      },
      "locked": {
        "lastModified": 1787419291,
        "narHash": "sha256-KPUSa2/YT91LIBOA/K7dbitTd92FyU5ZdaKeu5ZmQsU=",
        "owner": "areofyl",
        "repo": "fetch",
        "rev": "070c7a4d38036af65c38c782af5723cea8003d38",
        "type": "github"
      },
      "original": {
        "owner": "areofyl",
        "repo": "fetch",
        "type": "github"
      }
    },
    "home-manager": {
      "inputs": {
        "nixpkgs": [
          "nixpkgs"
        ]
      },
      "locked": {
        "lastModified": 1785531816,
        "narHash": "sha256-vkMnV0JIyw+g/NmcfoajlGaAO+9a0ezia+FZohQJrik=",
        "owner": "nix-community",
        "repo": "home-manager",
        "rev": "bf9ce9fec78f95f374e8dd3b503863a3ec128ebe",
        "type": "github"
      },
      "original": {
        "owner": "nix-community",
        "repo": "home-manager",
        "type": "github"
      }
    },
    "nixpkgs": {
      "locked": {
        "lastModified": 1781577229,
        "narHash": "sha256-lrp67w8AulE9Ks53n27I45ADSzbOCn4H+CNW1Ck8B+8=",
        "owner": "NixOS",
        "repo": "nixpkgs",
        "rev": "567a49d1913ce81ac6e9582e3553dd90a955875f",
        "type": "github"
      },
      "original": {
        "owner": "NixOS",
        "ref": "nixos-unstable",
        "repo": "nixpkgs",
        "type": "github"
      }
    },
    "nixpkgs_2": {
      "locked": {
        "lastModified": 1785734586,
        "narHash": "sha256-ODZkEK9Gy50yg6h98u7KkitZ3oc/uuTFK00bh1CRdNA=",
        "owner": "nixos",
        "repo": "nixpkgs",
        "rev": "531670d871c0e29724a02f3cbcac170adc65b58c",
        "type": "github"
      },
      "original": {
        "owner": "nixos",
        "ref": "nixos-26.05",
        "repo": "nixpkgs",
        "type": "github"
      }
    },
    "noctalia": {
      "inputs": {
        "nixpkgs": [
          "nixpkgs"
        ]
      },
      "locked": {
        "lastModified": 1787770646,
        "narHash": "sha256-XKVCQNebyqRXTMwI/YR9nMd42Q5nYP65L8xkNcbQDXM=",
        "owner": "noctalia-dev",
        "repo": "noctalia",
        "rev": "75a00852ddeaf31442bb3bbe8440fc71b3fbe9e6",
        "type": "github"
      },
      "original": {
        "owner": "noctalia-dev",
        "repo": "noctalia",
        "type": "github"
      }
    },
    "root": {
      "inputs": {
        "areofyl-fetch": "areofyl-fetch",
        "home-manager": "home-manager",
        "nixpkgs": "nixpkgs_2",
        "noctalia": "noctalia",
        "zen-browser": "zen-browser"
      }
    },
    "zen-browser": {
      "inputs": {
        "nixpkgs": [
          "nixpkgs"
        ]
      },
      "locked": {
        "lastModified": 1785480078,
        "narHash": "sha256-wWRW/Teo+58EMeTpVVEAqYid1qLzpB/PViQJCv7Xxvc=",
        "owner": "youwen5",
        "repo": "zen-browser-flake",
        "rev": "b7d4cc2778143a228675cd8bb7efdfa111638ac8",
        "type": "github"
      },
      "original": {
        "owner": "youwen5",
        "repo": "zen-browser-flake",
        "type": "github"
      }
    }
  },
  "root": "root",
  "version": 7
}
